<?xml version="1.0" encoding="UTF-8" standalone="yes" ?>
<CodeBlocks_project_file>
	<FileVersion major="1" minor="6" />
	<Project>
		<Option title="meldInterpretVM" />
		<Option pch_mode="2" />
		<Option compiler="gcc" />
		<Build>
			<Target title="Debug">
				<Option output="meldInterpVM" prefix_auto="1" extension_auto="1" />
				<Option object_output="/home/user/VisibleSim/applicationsSrc/blinkyMeld/.objs" />
				<Option type="1" />
				<Option compiler="gcc" />
				<Compiler>
					<Add option="-g" />
				</Compiler>
			</Target>
			<Target title="Release">
				<Option output="meldInterpVM" prefix_auto="1" extension_auto="1" />
				<Option object_output="/home/user/VisibleSim/applicationsSrc/blinkyMeld/.objs" />
				<Option type="1" />
				<Option compiler="gcc" />
				<Compiler>
					<Add option="-O2" />
				</Compiler>
				<Linker>
					<Add option="-s" />
				</Linker>
			</Target>
		</Build>
		<Compiler>
			<Add option="-Wall" />
		</Compiler>
		<Unit filename="../../simulatorCore/src/blinkyBlocksBlock.cpp" />
		<Unit filename="../../simulatorCore/src/blinkyBlocksBlock.h" />
		<Unit filename="../../simulatorCore/src/blinkyBlocksBlockCode.cpp" />
		<Unit filename="../../simulatorCore/src/blinkyBlocksBlockCode.h" />
		<Unit filename="../../simulatorCore/src/blinkyBlocksEvents.cpp" />
		<Unit filename="../../simulatorCore/src/blinkyBlocksEvents.h" />
		<Unit filename="../../simulatorCore/src/blinkyBlocksGlBlock.cpp" />
		<Unit filename="../../simulatorCore/src/blinkyBlocksGlBlock.h" />
		<Unit filename="../../simulatorCore/src/blinkyBlocksScenario.h" />
		<Unit filename="../../simulatorCore/src/blinkyBlocksScheduler.cpp" />
		<Unit filename="../../simulatorCore/src/blinkyBlocksScheduler.h" />
		<Unit filename="../../simulatorCore/src/blinkyBlocksSimulator.cpp" />
		<Unit filename="../../simulatorCore/src/blinkyBlocksSimulator.h" />
		<Unit filename="../../simulatorCore/src/blinkyBlocksWorld.cpp" />
		<Unit filename="../../simulatorCore/src/blinkyBlocksWorld.h" />
		<Unit filename="../../simulatorCore/src/blockCode.cpp" />
		<Unit filename="../../simulatorCore/src/blockCode.h" />
		<Unit filename="../../simulatorCore/src/buildingBlock.cpp" />
		<Unit filename="../../simulatorCore/src/buildingBlock.h" />
		<Unit filename="../../simulatorCore/src/camera.cpp" />
		<Unit filename="../../simulatorCore/src/camera.h" />
		<Unit filename="../../simulatorCore/src/clock.cpp" />
		<Unit filename="../../simulatorCore/src/clock.h" />
		<Unit filename="../../simulatorCore/src/color.cpp" />
		<Unit filename="../../simulatorCore/src/color.h" />
		<Unit filename="../../simulatorCore/src/commandLine.cpp" />
		<Unit filename="../../simulatorCore/src/commandLine.h" />
		<Unit filename="../../simulatorCore/src/configStat.cpp" />
		<Unit filename="../../simulatorCore/src/configStat.h" />
		<Unit filename="../../simulatorCore/src/cppScheduler.cpp" />
		<Unit filename="../../simulatorCore/src/cppScheduler.h" />
		<Unit filename="../../simulatorCore/src/events.cpp" />
		<Unit filename="../../simulatorCore/src/events.h" />
		<Unit filename="../../simulatorCore/src/glBlock.cpp" />
		<Unit filename="../../simulatorCore/src/glBlock.h" />
		<Unit filename="../../simulatorCore/src/interface.cpp" />
		<Unit filename="../../simulatorCore/src/interface.h" />
		<Unit filename="../../simulatorCore/src/matrice44.cpp" />
		<Unit filename="../../simulatorCore/src/matrice44.h" />
		<Unit filename="../../simulatorCore/src/meldInterpretEvents.cpp" />
		<Unit filename="../../simulatorCore/src/meldInterpretEvents.h" />
		<Unit filename="../../simulatorCore/src/meldInterpretMessages.cpp" />
		<Unit filename="../../simulatorCore/src/meldInterpretMessages.h" />
		<Unit filename="../../simulatorCore/src/meldInterpretScheduler.cpp" />
		<Unit filename="../../simulatorCore/src/meldInterpretScheduler.h" />
		<Unit filename="../../simulatorCore/src/meldInterpretVM.cpp" />
		<Unit filename="../../simulatorCore/src/meldInterpretVM.h" />
		<Unit filename="../../simulatorCore/src/network.cpp" />
		<Unit filename="../../simulatorCore/src/network.h" />
		<Unit filename="../../simulatorCore/src/objLoader.cpp" />
		<Unit filename="../../simulatorCore/src/objLoader.cpp.orig" />
		<Unit filename="../../simulatorCore/src/objLoader.h" />
		<Unit filename="../../simulatorCore/src/openglViewer.cpp" />
		<Unit filename="../../simulatorCore/src/openglViewer.h" />
		<Unit filename="../../simulatorCore/src/scheduler.cpp" />
		<Unit filename="../../simulatorCore/src/scheduler.h" />
		<Unit filename="../../simulatorCore/src/shaders.cpp" />
		<Unit filename="../../simulatorCore/src/shaders.h" />
		<Unit filename="../../simulatorCore/src/simulator.cpp" />
		<Unit filename="../../simulatorCore/src/simulator.h" />
		<Unit filename="../../simulatorCore/src/testBlock.cpp" />
		<Unit filename="../../simulatorCore/src/trace.cpp" />
		<Unit filename="../../simulatorCore/src/trace.h" />
		<Unit filename="../../simulatorCore/src/uniqueEventsId.h" />
		<Unit filename="../../simulatorCore/src/vecteur.cpp" />
		<Unit filename="../../simulatorCore/src/vecteur.h" />
		<Unit filename="../../simulatorCore/src/vertexArray.cpp" />
		<Unit filename="../../simulatorCore/src/vertexArray.h" />
		<Unit filename="../../simulatorCore/src/world.cpp" />
		<Unit filename="../../simulatorCore/src/world.h" />
		<Unit filename="blinkyMeld.cpp" />
		<Unit filename="blinkyMeldBlockCode.cpp" />
		<Unit filename="blinkyMeldBlockCode.h" />
		<Extensions>
			<code_completion />
			<debugger />
			<envvars />
		</Extensions>
	</Project>
</CodeBlocks_project_file>
